
Microsoft Visual Studio Solution File, Format Version 12.00
# Visual Studio 15
VisualStudioVersion = 15.0.27130.2010
MinimumVisualStudioVersion = 10.0.40219.1
Project("{FAE04EC0-301F-11D3-BF4B-00C04F79EFBC}") = "StackPost", "StackPost\StackPost.csproj", "{B2BDA3AF-9BCF-4777-A2CF-10E5B3F66A71}"
EndProject
Global
	GlobalSection(SolutionConfigurationPlatforms) = preSolution
		Debug|Any CPU = Debug|Any CPU
		Release|Any CPU = Release|Any CPU
	EndGlobalSection
	GlobalSection(ProjectConfigurationPlatforms) = postSolution
		{B2BDA3AF-9BCF-4777-A2CF-10E5B3F66A71}.Debug|Any CPU.ActiveCfg = Debug|Any CPU
		{B2BDA3AF-9BCF-4777-A2CF-10E5B3F66A71}.Debug|Any CPU.Build.0 = Debug|Any CPU
		{B2BDA3AF-9BCF-4777-A2CF-10E5B3F66A71}.Release|Any CPU.ActiveCfg = Release|Any CPU
		{B2BDA3AF-9BCF-4777-A2CF-10E5B3F66A71}.Release|Any CPU.Build.0 = Release|Any CPU
	EndGlobalSection
	GlobalSection(SolutionProperties) = preSolution
		HideSolutionNode = FALSE
	EndGlobalSection
	GlobalSection(ExtensibilityGlobals) = postSolution
		SolutionGuid = {C4B3F17B-6096-4D91-B0E8-7970A8DB143F}
	EndGlobalSection
EndGlobal
